
Microsoft Visual Studio Solution File, Format Version 12.00
# Visual Studio 14
VisualStudioVersion = 14.0.25420.1
MinimumVisualStudioVersion = 10.0.40219.1
Project("{FAE04EC0-301F-11D3-BF4B-00C04F79EFBC}") = "Homework", "HomeWork\Homework.csproj", "{8FC8AF83-F523-407E-AE31-FB3D071BD786}"
EndProject
Project("{FAE04EC0-301F-11D3-BF4B-00C04F79EFBC}") = "Homework.Tests", "Homework.Tests\Homework.Tests.csproj", "{33B525E6-7813-4B4D-AFC9-70372422CEE9}"
EndProject
Project("{FAE04EC0-301F-11D3-BF4B-00C04F79EFBC}") = "HomeworkTests", "HomeworkTests\HomeworkTests.csproj", "{1D5C12CA-62E6-4630-9C1D-F74A31E5E8B6}"
EndProject
Global
	GlobalSection(SolutionConfigurationPlatforms) = preSolution
		Debug|Any CPU = Debug|Any CPU
		Release|Any CPU = Release|Any CPU
	EndGlobalSection
	GlobalSection(ProjectConfigurationPlatforms) = postSolution
		{8FC8AF83-F523-407E-AE31-FB3D071BD786}.Debug|Any CPU.ActiveCfg = Debug|Any CPU
		{8FC8AF83-F523-407E-AE31-FB3D071BD786}.Debug|Any CPU.Build.0 = Debug|Any CPU
		{8FC8AF83-F523-407E-AE31-FB3D071BD786}.Release|Any CPU.ActiveCfg = Release|Any CPU
		{8FC8AF83-F523-407E-AE31-FB3D071BD786}.Release|Any CPU.Build.0 = Release|Any CPU
		{33B525E6-7813-4B4D-AFC9-70372422CEE9}.Debug|Any CPU.ActiveCfg = Debug|Any CPU
		{33B525E6-7813-4B4D-AFC9-70372422CEE9}.Debug|Any CPU.Build.0 = Debug|Any CPU
		{33B525E6-7813-4B4D-AFC9-70372422CEE9}.Release|Any CPU.ActiveCfg = Release|Any CPU
		{33B525E6-7813-4B4D-AFC9-70372422CEE9}.Release|Any CPU.Build.0 = Release|Any CPU
		{1D5C12CA-62E6-4630-9C1D-F74A31E5E8B6}.Debug|Any CPU.ActiveCfg = Debug|Any CPU
		{1D5C12CA-62E6-4630-9C1D-F74A31E5E8B6}.Debug|Any CPU.Build.0 = Debug|Any CPU
		{1D5C12CA-62E6-4630-9C1D-F74A31E5E8B6}.Release|Any CPU.ActiveCfg = Release|Any CPU
		{1D5C12CA-62E6-4630-9C1D-F74A31E5E8B6}.Release|Any CPU.Build.0 = Release|Any CPU
	EndGlobalSection
	GlobalSection(SolutionProperties) = preSolution
		HideSolutionNode = FALSE
	EndGlobalSection
EndGlobal
